
Microsoft Visual Studio Solution File, Format Version 12.00
# Visual Studio Version 16
VisualStudioVersion = 16.0.32602.291
MinimumVisualStudioVersion = 10.0.40219.1
Project("{FAE04EC0-301F-11D3-BF4B-00C04F79EFBC}") = "ZadIzpit", "ZadIzpit\ZadIzpit.csproj", "{FBF6497E-9609-4F33-B84B-0E0B754D300E}"
EndProject
Global
	GlobalSection(SolutionConfigurationPlatforms) = preSolution
		Debug|Any CPU = Debug|Any CPU
		Release|Any CPU = Release|Any CPU
	EndGlobalSection
	GlobalSection(ProjectConfigurationPlatforms) = postSolution
		{FBF6497E-9609-4F33-B84B-0E0B754D300E}.Debug|Any CPU.ActiveCfg = Debug|Any CPU
		{FBF6497E-9609-4F33-B84B-0E0B754D300E}.Debug|Any CPU.Build.0 = Debug|Any CPU
		{FBF6497E-9609-4F33-B84B-0E0B754D300E}.Release|Any CPU.ActiveCfg = Release|Any CPU
		{FBF6497E-9609-4F33-B84B-0E0B754D300E}.Release|Any CPU.Build.0 = Release|Any CPU
	EndGlobalSection
	GlobalSection(SolutionProperties) = preSolution
		HideSolutionNode = FALSE
	EndGlobalSection
	GlobalSection(ExtensibilityGlobals) = postSolution
		SolutionGuid = {93D6B812-CAF0-4C95-B466-4A188FE18069}
	EndGlobalSection
EndGlobal
